
Microsoft Visual Studio Solution File, Format Version 12.00
# Visual Studio Version 16
VisualStudioVersion = 16.0.30413.136
MinimumVisualStudioVersion = 10.0.40219.1
Project("{FAE04EC0-301F-11D3-BF4B-00C04F79EFBC}") = "NotesBackend", "NotesBackend\NotesBackend.csproj", "{1642688A-B426-4CE7-8CED-79C0766D2E28}"
EndProject
Project("{FAE04EC0-301F-11D3-BF4B-00C04F79EFBC}") = "BusinessLogic", "BusinessLogic\BusinessLogic.csproj", "{569C13AB-7D2A-4CAB-B844-21A375253848}"
EndProject
Project("{FAE04EC0-301F-11D3-BF4B-00C04F79EFBC}") = "DataAccess", "DataAccess\DataAccess.csproj", "{7CD3B34B-D886-4B09-9E29-8DF7C555484B}"
EndProject
Global
	GlobalSection(SolutionConfigurationPlatforms) = preSolution
		Debug|Any CPU = Debug|Any CPU
		Release|Any CPU = Release|Any CPU
	EndGlobalSection
	GlobalSection(ProjectConfigurationPlatforms) = postSolution
		{1642688A-B426-4CE7-8CED-79C0766D2E28}.Debug|Any CPU.ActiveCfg = Debug|Any CPU
		{1642688A-B426-4CE7-8CED-79C0766D2E28}.Debug|Any CPU.Build.0 = Debug|Any CPU
		{1642688A-B426-4CE7-8CED-79C0766D2E28}.Release|Any CPU.ActiveCfg = Release|Any CPU
		{1642688A-B426-4CE7-8CED-79C0766D2E28}.Release|Any CPU.Build.0 = Release|Any CPU
		{569C13AB-7D2A-4CAB-B844-21A375253848}.Debug|Any CPU.ActiveCfg = Debug|Any CPU
		{569C13AB-7D2A-4CAB-B844-21A375253848}.Debug|Any CPU.Build.0 = Debug|Any CPU
		{569C13AB-7D2A-4CAB-B844-21A375253848}.Release|Any CPU.ActiveCfg = Release|Any CPU
		{569C13AB-7D2A-4CAB-B844-21A375253848}.Release|Any CPU.Build.0 = Release|Any CPU
		{7CD3B34B-D886-4B09-9E29-8DF7C555484B}.Debug|Any CPU.ActiveCfg = Debug|Any CPU
		{7CD3B34B-D886-4B09-9E29-8DF7C555484B}.Debug|Any CPU.Build.0 = Debug|Any CPU
		{7CD3B34B-D886-4B09-9E29-8DF7C555484B}.Release|Any CPU.ActiveCfg = Release|Any CPU
		{7CD3B34B-D886-4B09-9E29-8DF7C555484B}.Release|Any CPU.Build.0 = Release|Any CPU
	EndGlobalSection
	GlobalSection(SolutionProperties) = preSolution
		HideSolutionNode = FALSE
	EndGlobalSection
	GlobalSection(ExtensibilityGlobals) = postSolution
		SolutionGuid = {4CC2DBCF-5BDE-4073-B175-0F565B761564}
	EndGlobalSection
EndGlobal
